# This file is automatically @generated by Cargo.
# It is not intended for manual editing.
version = 4

[[package]]
name = "keva_cli"
version = "0.1.0"
dependencies = [
 "keva_core",
]

[[package]]
name = "keva_core"
version = "0.1.0"

[[package]]
name = "keva_gui"
version = "0.1.0"
dependencies = [
 "keva_core",
]
